
Microsoft Visual Studio Solution File, Format Version 12.00
# Visual Studio Version 17
VisualStudioVersion = 17.6.33829.357
MinimumVisualStudioVersion = 10.0.40219.1
Project("{9A19103F-16F7-4668-BE54-9A1E7A4F7556}") = "HRMS_UI", "HRMS_UI\HRMS_UI.csproj", "{58ADE0E3-76D7-4B8F-8847-53B3419377ED}"
EndProject
Project("{FAE04EC0-301F-11D3-BF4B-00C04F79EFBC}") = "HRMS_Lib", "HRMS_Lib\HRMS_Lib.csproj", "{8B846A63-239B-4548-8234-C0935410E652}"
EndProject
Global
	GlobalSection(SolutionConfigurationPlatforms) = preSolution
		Debug|Any CPU = Debug|Any CPU
		Release|Any CPU = Release|Any CPU
	EndGlobalSection
	GlobalSection(ProjectConfigurationPlatforms) = postSolution
		{58ADE0E3-76D7-4B8F-8847-53B3419377ED}.Debug|Any CPU.ActiveCfg = Debug|Any CPU
		{58ADE0E3-76D7-4B8F-8847-53B3419377ED}.Debug|Any CPU.Build.0 = Debug|Any CPU
		{58ADE0E3-76D7-4B8F-8847-53B3419377ED}.Release|Any CPU.ActiveCfg = Release|Any CPU
		{58ADE0E3-76D7-4B8F-8847-53B3419377ED}.Release|Any CPU.Build.0 = Release|Any CPU
		{8B846A63-239B-4548-8234-C0935410E652}.Debug|Any CPU.ActiveCfg = Debug|Any CPU
		{8B846A63-239B-4548-8234-C0935410E652}.Debug|Any CPU.Build.0 = Debug|Any CPU
		{8B846A63-239B-4548-8234-C0935410E652}.Release|Any CPU.ActiveCfg = Release|Any CPU
		{8B846A63-239B-4548-8234-C0935410E652}.Release|Any CPU.Build.0 = Release|Any CPU
	EndGlobalSection
	GlobalSection(SolutionProperties) = preSolution
		HideSolutionNode = FALSE
	EndGlobalSection
	GlobalSection(ExtensibilityGlobals) = postSolution
		SolutionGuid = {11F97401-47A6-423E-99D6-A0618FEE9EA0}
	EndGlobalSection
EndGlobal
